// !$*UTF8*$!
{
	archiveVersion = 1;
	classes = {
	};
	objectVersion = 56;
	objects = {

/* Begin PBXBuildFile section */
		63947E82289AE5B9009F1844 /* AppDelegate.swift in Sources */ = {isa = PBXBuildFile; fileRef = 63947E81289AE5B9009F1844 /* AppDelegate.swift */; };
		63947E84289AE5B9009F1844 /* SceneDelegate.swift in Sources */ = {isa = PBXBuildFile; fileRef = 63947E83289AE5B9009F1844 /* SceneDelegate.swift */; };
		63947E86289AE5B9009F1844 /* ViewController.swift in Sources */ = {isa = PBXBuildFile; fileRef = 63947E85289AE5B9009F1844 /* ViewController.swift */; };
		63947E89289AE5B9009F1844 /* Main.storyboard in Resources */ = {isa = PBXBuildFile; fileRef = 63947E87289AE5B9009F1844 /* Main.storyboard */; };
		63947E8C289AE5B9009F1844 /* LaPeau.xcdatamodeld in Sources */ = {isa = PBXBuildFile; fileRef = 63947E8A289AE5B9009F1844 /* LaPeau.xcdatamodeld */; };
		63947E8E289AE5BB009F1844 /* Assets.xcassets in Resources */ = {isa = PBXBuildFile; fileRef = 63947E8D289AE5BB009F1844 /* Assets.xcassets */; };
		63947E91289AE5BB009F1844 /* LaunchScreen.storyboard in Resources */ = {isa = PBXBuildFile; fileRef = 63947E8F289AE5BB009F1844 /* LaunchScreen.storyboard */; };
		63947E9C289AE5BC009F1844 /* LaPeauTests.swift in Sources */ = {isa = PBXBuildFile; fileRef = 63947E9B289AE5BC009F1844 /* LaPeauTests.swift */; };
		63947EA6289AE5BC009F1844 /* LaPeauUITests.swift in Sources */ = {isa = PBXBuildFile; fileRef = 63947EA5289AE5BC009F1844 /* LaPeauUITests.swift */; };
		63947EA8289AE5BC009F1844 /* LaPeauUITestsLaunchTests.swift in Sources */ = {isa = PBXBuildFile; fileRef = 63947EA7289AE5BC009F1844 /* LaPeauUITestsLaunchTests.swift */; };
/* End PBXBuildFile section */

/* Begin PBXContainerItemProxy section */
		63947E98289AE5BC009F1844 /* PBXContainerItemProxy */ = {
			isa = PBXContainerItemProxy;
			containerPortal = 63947E76289AE5B9009F1844 /* Project object */;
			proxyType = 1;
			remoteGlobalIDString = 63947E7D289AE5B9009F1844;
			remoteInfo = LaPeau;
		};
		63947EA2289AE5BC009F1844 /* PBXContainerItemProxy */ = {
			isa = PBXContainerItemProxy;
			containerPortal = 63947E76289AE5B9009F1844 /* Project object */;
			proxyType = 1;
			remoteGlobalIDString = 63947E7D289AE5B9009F1844;
			remoteInfo = LaPeau;
		};
/* End PBXContainerItemProxy section */

/* Begin PBXFileReference section */
		63947E7E289AE5B9009F1844 /* LaPeau.app */ = {isa = PBXFileReference; explicitFileType = wrapper.application; includeInIndex = 0; path = LaPeau.app; sourceTree = BUILT_PRODUCTS_DIR; };
		63947E81289AE5B9009F1844 /* AppDelegate.swift */ = {isa = PBXFileReference; lastKnownFileType = sourcecode.swift; path = AppDelegate.swift; sourceTree = "<group>"; };
		63947E83289AE5B9009F1844 /* SceneDelegate.swift */ = {isa = PBXFileReference; lastKnownFileType = sourcecode.swift; path = SceneDelegate.swift; sourceTree = "<group>"; };
		63947E85289AE5B9009F1844 /* ViewController.swift */ = {isa = PBXFileReference; lastKnownFileType = sourcecode.swift; path = ViewController.swift; sourceTree = "<group>"; };
		63947E88289AE5B9009F1844 /* Base */ = {isa = PBXFileReference; lastKnownFileType = file.storyboard; name = Base; path = Base.lproj/Main.storyboard; sourceTree = "<group>"; };
		63947E8B289AE5B9009F1844 /* LaPeau.xcdatamodel */ = {isa = PBXFileReference; lastKnownFileType = wrapper.xcdatamodel; path = LaPeau.xcdatamodel; sourceTree = "<group>"; };
		63947E8D289AE5BB009F1844 /* Assets.xcassets */ = {isa = PBXFileReference; lastKnownFileType = folder.assetcatalog; path = Assets.xcassets; sourceTree = "<group>"; };
		63947E90289AE5BB009F1844 /* Base */ = {isa = PBXFileReference; lastKnownFileType = file.storyboard; name = Base; path = Base.lproj/LaunchScreen.storyboard; sourceTree = "<group>"; };
		63947E92289AE5BB009F1844 /* Info.plist */ = {isa = PBXFileReference; lastKnownFileType = text.plist.xml; path = Info.plist; sourceTree = "<group>"; };
		63947E97289AE5BC009F1844 /* LaPeauTests.xctest */ = {isa = PBXFileReference; explicitFileType = wrapper.cfbundle; includeInIndex = 0; path = LaPeauTests.xctest; sourceTree = BUILT_PRODUCTS_DIR; };
		63947E9B289AE5BC009F1844 /* LaPeauTests.swift */ = {isa = PBXFileReference; lastKnownFileType = sourcecode.swift; path = LaPeauTests.swift; sourceTree = "<group>"; };
		63947EA1289AE5BC009F1844 /* LaPeauUITests.xctest */ = {isa = PBXFileReference; explicitFileType = wrapper.cfbundle; includeInIndex = 0; path = LaPeauUITests.xctest; sourceTree = BUILT_PRODUCTS_DIR; };
		63947EA5289AE5BC009F1844 /* LaPeauUITests.swift */ = {isa = PBXFileReference; lastKnownFileType = sourcecode.swift; path = LaPeauUITests.swift; sourceTree = "<group>"; };
		63947EA7289AE5BC009F1844 /* LaPeauUITestsLaunchTests.swift */ = {isa = PBXFileReference; lastKnownFileType = sourcecode.swift; path = LaPeauUITestsLaunchTests.swift; sourceTree = "<group>"; };
/* End PBXFileReference section */

/* Begin PBXFrameworksBuildPhase section */
		63947E7B289AE5B9009F1844 /* Frameworks */ = {
			isa = PBXFrameworksBuildPhase;
			buildActionMask = 2147483647;
			files = (
			);
			runOnlyForDeploymentPostprocessing = 0;
		};
		63947E94289AE5BC009F1844 /* Frameworks */ = {
			isa = PBXFrameworksBuildPhase;
			buildActionMask = 2147483647;
			files = (
			);
			runOnlyForDeploymentPostprocessing = 0;
		};
		63947E9E289AE5BC009F1844 /* Frameworks */ = {
			isa = PBXFrameworksBuildPhase;
			buildActionMask = 2147483647;
			files = (
			);
			runOnlyForDeploymentPostprocessing = 0;
		};
/* End PBXFrameworksBuildPhase section */

/* Begin PBXGroup section */
		63947E75289AE5B9009F1844 = {
			isa = PBXGroup;
			children = (
				63947E80289AE5B9009F1844 /* LaPeau */,
				63947E9A289AE5BC009F1844 /* LaPeauTests */,
				63947EA4289AE5BC009F1844 /* LaPeauUITests */,
				63947E7F289AE5B9009F1844 /* Products */,
			);
			sourceTree = "<group>";
		};
		63947E7F289AE5B9009F1844 /* Products */ = {
			isa = PBXGroup;
			children = (
				63947E7E289AE5B9009F1844 /* LaPeau.app */,
				63947E97289AE5BC009F1844 /* LaPeauTests.xctest */,
				63947EA1289AE5BC009F1844 /* LaPeauUITests.xctest */,
			);
			name = Products;
			sourceTree = "<group>";
		};
		63947E80289AE5B9009F1844 /* LaPeau */ = {
			isa = PBXGroup;
			children = (
				63947E81289AE5B9009F1844 /* AppDelegate.swift */,
				63947E83289AE5B9009F1844 /* SceneDelegate.swift */,
				63947E85289AE5B9009F1844 /* ViewController.swift */,
				63947E87289AE5B9009F1844 /* Main.storyboard */,
				63947E8D289AE5BB009F1844 /* Assets.xcassets */,
				63947E8F289AE5BB009F1844 /* LaunchScreen.storyboard */,
				63947E92289AE5BB009F1844 /* Info.plist */,
				63947E8A289AE5B9009F1844 /* LaPeau.xcdatamodeld */,
			);
			path = LaPeau;
			sourceTree = "<group>";
		};
		63947E9A289AE5BC009F1844 /* LaPeauTests */ = {
			isa = PBXGroup;
			children = (
				63947E9B289AE5BC009F1844 /* LaPeauTests.swift */,
			);
			path = LaPeauTests;
			sourceTree = "<group>";
		};
		63947EA4289AE5BC009F1844 /* LaPeauUITests */ = {
			isa = PBXGroup;
			children = (
				63947EA5289AE5BC009F1844 /* LaPeauUITests.swift */,
				63947EA7289AE5BC009F1844 /* LaPeauUITestsLaunchTests.swift */,
			);
			path = LaPeauUITests;
			sourceTree = "<group>";
		};
/* End PBXGroup section */

/* Begin PBXNativeTarget section */
		63947E7D289AE5B9009F1844 /* LaPeau */ = {
			isa = PBXNativeTarget;
			buildConfigurationList = 63947EAB289AE5BC009F1844 /* Build configuration list for PBXNativeTarget "LaPeau" */;
			buildPhases = (
				63947E7A289AE5B9009F1844 /* Sources */,
				63947E7B289AE5B9009F1844 /* Frameworks */,
				63947E7C289AE5B9009F1844 /* Resources */,
			);
			buildRules = (
			);
			dependencies = (
			);
			name = LaPeau;
			productName = LaPeau;
			productReference = 63947E7E289AE5B9009F1844 /* LaPeau.app */;
			productType = "com.apple.product-type.application";
		};
		63947E96289AE5BC009F1844 /* LaPeauTests */ = {
			isa = PBXNativeTarget;
			buildConfigurationList = 63947EAE289AE5BC009F1844 /* Build configuration list for PBXNativeTarget "LaPeauTests" */;
			buildPhases = (
				63947E93289AE5BC009F1844 /* Sources */,
				63947E94289AE5BC009F1844 /* Frameworks */,
				63947E95289AE5BC009F1844 /* Resources */,
			);
			buildRules = (
			);
			dependencies = (
				63947E99289AE5BC009F1844 /* PBXTargetDependency */,
			);
			name = LaPeauTests;
			productName = LaPeauTests;
			productReference = 63947E97289AE5BC009F1844 /* LaPeauTests.xctest */;
			productType = "com.apple.product-type.bundle.unit-test";
		};
		63947EA0289AE5BC009F1844 /* LaPeauUITests */ = {
			isa = PBXNativeTarget;
			buildConfigurationList = 63947EB1289AE5BC009F1844 /* Build configuration list for PBXNativeTarget "LaPeauUITests" */;
			buildPhases = (
				63947E9D289AE5BC009F1844 /* Sources */,
				63947E9E289AE5BC009F1844 /* Frameworks */,
				63947E9F289AE5BC009F1844 /* Resources */,
			);
			buildRules = (
			);
			dependencies = (
				63947EA3289AE5BC009F1844 /* PBXTargetDependency */,
			);
			name = LaPeauUITests;
			productName = LaPeauUITests;
			productReference = 63947EA1289AE5BC009F1844 /* LaPeauUITests.xctest */;
			productType = "com.apple.product-type.bundle.ui-testing";
		};
/* End PBXNativeTarget section */

/* Begin PBXProject section */
		63947E76289AE5B9009F1844 /* Project object */ = {
			isa = PBXProject;
			attributes = {
				BuildIndependentTargetsInParallel = 1;
				LastSwiftUpdateCheck = 1400;
				LastUpgradeCheck = 1400;
				TargetAttributes = {
					63947E7D289AE5B9009F1844 = {
						CreatedOnToolsVersion = 14.0;
					};
					63947E96289AE5BC009F1844 = {
						CreatedOnToolsVersion = 14.0;
						TestTargetID = 63947E7D289AE5B9009F1844;
					};
					63947EA0289AE5BC009F1844 = {
						CreatedOnToolsVersion = 14.0;
						TestTargetID = 63947E7D289AE5B9009F1844;
					};
				};
			};
			buildConfigurationList = 63947E79289AE5B9009F1844 /* Build configuration list for PBXProject "LaPeau" */;
			compatibilityVersion = "Xcode 14.0";
			developmentRegion = en;
			hasScannedForEncodings = 0;
			knownRegions = (
				en,
				Base,
			);
			mainGroup = 63947E75289AE5B9009F1844;
			productRefGroup = 63947E7F289AE5B9009F1844 /* Products */;
			projectDirPath = "";
			projectRoot = "";
			targets = (
				63947E7D289AE5B9009F1844 /* LaPeau */,
				63947E96289AE5BC009F1844 /* LaPeauTests */,
				63947EA0289AE5BC009F1844 /* LaPeauUITests */,
			);
		};
/* End PBXProject section */

/* Begin PBXResourcesBuildPhase section */
		63947E7C289AE5B9009F1844 /* Resources */ = {
			isa = PBXResourcesBuildPhase;
			buildActionMask = 2147483647;
			files = (
				63947E91289AE5BB009F1844 /* LaunchScreen.storyboard in Resources */,
				63947E8E289AE5BB009F1844 /* Assets.xcassets in Resources */,
				63947E89289AE5B9009F1844 /* Main.storyboard in Resources */,
			);
			runOnlyForDeploymentPostprocessing = 0;
		};
		63947E95289AE5BC009F1844 /* Resources */ = {
			isa = PBXResourcesBuildPhase;
			buildActionMask = 2147483647;
			files = (
			);
			runOnlyForDeploymentPostprocessing = 0;
		};
		63947E9F289AE5BC009F1844 /* Resources */ = {
			isa = PBXResourcesBuildPhase;
			buildActionMask = 2147483647;
			files = (
			);
			runOnlyForDeploymentPostprocessing = 0;
		};
/* End PBXResourcesBuildPhase section */

/* Begin PBXSourcesBuildPhase section */
		63947E7A289AE5B9009F1844 /* Sources */ = {
			isa = PBXSourcesBuildPhase;
			buildActionMask = 2147483647;
			files = (
				63947E86289AE5B9009F1844 /* ViewController.swift in Sources */,
				63947E82289AE5B9009F1844 /* AppDelegate.swift in Sources */,
				63947E84289AE5B9009F1844 /* SceneDelegate.swift in Sources */,
				63947E8C289AE5B9009F1844 /* LaPeau.xcdatamodeld in Sources */,
			);
			runOnlyForDeploymentPostprocessing = 0;
		};
		63947E93289AE5BC009F1844 /* Sources */ = {
			isa = PBXSourcesBuildPhase;
			buildActionMask = 2147483647;
			files = (
				63947E9C289AE5BC009F1844 /* LaPeauTests.swift in Sources */,
			);
			runOnlyForDeploymentPostprocessing = 0;
		};
		63947E9D289AE5BC009F1844 /* Sources */ = {
			isa = PBXSourcesBuildPhase;
			buildActionMask = 2147483647;
			files = (
				63947EA8289AE5BC009F1844 /* LaPeauUITestsLaunchTests.swift in Sources */,
				63947EA6289AE5BC009F1844 /* LaPeauUITests.swift in Sources */,
			);
			runOnlyForDeploymentPostprocessing = 0;
		};
/* End PBXSourcesBuildPhase section */

/* Begin PBXTargetDependency section */
		63947E99289AE5BC009F1844 /* PBXTargetDependency */ = {
			isa = PBXTargetDependency;
			target = 63947E7D289AE5B9009F1844 /* LaPeau */;
			targetProxy = 63947E98289AE5BC009F1844 /* PBXContainerItemProxy */;
		};
		63947EA3289AE5BC009F1844 /* PBXTargetDependency */ = {
			isa = PBXTargetDependency;
			target = 63947E7D289AE5B9009F1844 /* LaPeau */;
			targetProxy = 63947EA2289AE5BC009F1844 /* PBXContainerItemProxy */;
		};
/* End PBXTargetDependency section */

/* Begin PBXVariantGroup section */
		63947E87289AE5B9009F1844 /* Main.storyboard */ = {
			isa = PBXVariantGroup;
			children = (
				63947E88289AE5B9009F1844 /* Base */,
			);
			name = Main.storyboard;
			sourceTree = "<group>";
		};
		63947E8F289AE5BB009F1844 /* LaunchScreen.storyboard */ = {
			isa = PBXVariantGroup;
			children = (
				63947E90289AE5BB009F1844 /* Base */,
			);
			name = LaunchScreen.storyboard;
			sourceTree = "<group>";
		};
/* End PBXVariantGroup section */

/* Begin XCBuildConfiguration section */
		63947EA9289AE5BC009F1844 /* Debug */ = {
			isa = XCBuildConfiguration;
			buildSettings = {
				ALWAYS_SEARCH_USER_PATHS = NO;
				CLANG_ANALYZER_NONNULL = YES;
				CLANG_ANALYZER_NUMBER_OBJECT_CONVERSION = YES_AGGRESSIVE;
				CLANG_CXX_LANGUAGE_STANDARD = "gnu++17";
				CLANG_ENABLE_MODULES = YES;
				CLANG_ENABLE_OBJC_ARC = YES;
				CLANG_ENABLE_OBJC_WEAK = YES;
				CLANG_WARN_BLOCK_CAPTURE_AUTORELEASING = YES;
				CLANG_WARN_BOOL_CONVERSION = YES;
				CLANG_WARN_COMMA = YES;
				CLANG_WARN_CONSTANT_CONVERSION = YES;
				CLANG_WARN_DEPRECATED_OBJC_IMPLEMENTATIONS = YES;
				CLANG_WARN_DIRECT_OBJC_ISA_USAGE = YES_ERROR;
				CLANG_WARN_DOCUMENTATION_COMMENTS = YES;
				CLANG_WARN_EMPTY_BODY = YES;
				CLANG_WARN_ENUM_CONVERSION = YES;
				CLANG_WARN_INFINITE_RECURSION = YES;
				CLANG_WARN_INT_CONVERSION = YES;
				CLANG_WARN_NON_LITERAL_NULL_CONVERSION = YES;
				CLANG_WARN_OBJC_IMPLICIT_RETAIN_SELF = YES;
				CLANG_WARN_OBJC_LITERAL_CONVERSION = YES;
				CLANG_WARN_OBJC_ROOT_CLASS = YES_ERROR;
				CLANG_WARN_QUOTED_INCLUDE_IN_FRAMEWORK_HEADER = YES;
				CLANG_WARN_RANGE_LOOP_ANALYSIS = YES;
				CLANG_WARN_STRICT_PROTOTYPES = YES;
				CLANG_WARN_SUSPICIOUS_MOVE = YES;
				CLANG_WARN_UNGUARDED_AVAILABILITY = YES_AGGRESSIVE;
				CLANG_WARN_UNREACHABLE_CODE = YES;
				CLANG_WARN__DUPLICATE_METHOD_MATCH = YES;
				COPY_PHASE_STRIP = NO;
				DEBUG_INFORMATION_FORMAT = dwarf;
				ENABLE_STRICT_OBJC_MSGSEND = YES;
				ENABLE_TESTABILITY = YES;
				GCC_C_LANGUAGE_STANDARD = gnu11;
				GCC_DYNAMIC_NO_PIC = NO;
				GCC_NO_COMMON_BLOCKS = YES;
				GCC_OPTIMIZATION_LEVEL = 0;
				GCC_PREPROCESSOR_DEFINITIONS = (
					"DEBUG=1",
					"$(inherited)",
				);
				GCC_WARN_64_TO_32_BIT_CONVERSION = YES;
				GCC_WARN_ABOUT_RETURN_TYPE = YES_ERROR;
				GCC_WARN_UNDECLARED_SELECTOR = YES;
				GCC_WARN_UNINITIALIZED_AUTOS = YES_AGGRESSIVE;
				GCC_WARN_UNUSED_FUNCTION = YES;
				GCC_WARN_UNUSED_VARIABLE = YES;
				IPHONEOS_DEPLOYMENT_TARGET = 16.0;
				MTL_ENABLE_DEBUG_INFO = INCLUDE_SOURCE;
				MTL_FAST_MATH = YES;
				ONLY_ACTIVE_ARCH = YES;
				SDKROOT = iphoneos;
				SWIFT_ACTIVE_COMPILATION_CONDITIONS = DEBUG;
				SWIFT_OPTIMIZATION_LEVEL = "-Onone";
			};
			name = Debug;
		};
		63947EAA289AE5BC009F1844 /* Release */ = {
			isa = XCBuildConfiguration;
			buildSettings = {
				ALWAYS_SEARCH_USER_PATHS = NO;
				CLANG_ANALYZER_NONNULL = YES;
				CLANG_ANALYZER_NUMBER_OBJECT_CONVERSION = YES_AGGRESSIVE;
				CLANG_CXX_LANGUAGE_STANDARD = "gnu++17";
				CLANG_ENABLE_MODULES = YES;
				CLANG_ENABLE_OBJC_ARC = YES;
				CLANG_ENABLE_OBJC_WEAK = YES;
				CLANG_WARN_BLOCK_CAPTURE_AUTORELEASING = YES;
				CLANG_WARN_BOOL_CONVERSION = YES;
				CLANG_WARN_COMMA = YES;
				CLANG_WARN_CONSTANT_CONVERSION = YES;
				CLANG_WARN_DEPRECATED_OBJC_IMPLEMENTATIONS = YES;
				CLANG_WARN_DIRECT_OBJC_ISA_USAGE = YES_ERROR;
				CLANG_WARN_DOCUMENTATION_COMMENTS = YES;
				CLANG_WARN_EMPTY_BODY = YES;
				CLANG_WARN_ENUM_CONVERSION = YES;
				CLANG_WARN_INFINITE_RECURSION = YES;
				CLANG_WARN_INT_CONVERSION = YES;
				CLANG_WARN_NON_LITERAL_NULL_CONVERSION = YES;
				CLANG_WARN_OBJC_IMPLICIT_RETAIN_SELF = YES;
				CLANG_WARN_OBJC_LITERAL_CONVERSION = YES;
				CLANG_WARN_OBJC_ROOT_CLASS = YES_ERROR;
				CLANG_WARN_QUOTED_INCLUDE_IN_FRAMEWORK_HEADER = YES;
				CLANG_WARN_RANGE_LOOP_ANALYSIS = YES;
				CLANG_WARN_STRICT_PROTOTYPES = YES;
				CLANG_WARN_SUSPICIOUS_MOVE = YES;
				CLANG_WARN_UNGUARDED_AVAILABILITY = YES_AGGRESSIVE;
				CLANG_WARN_UNREACHABLE_CODE = YES;
				CLANG_WARN__DUPLICATE_METHOD_MATCH = YES;
				COPY_PHASE_STRIP = NO;
				DEBUG_INFORMATION_FORMAT = "dwarf-with-dsym";
				ENABLE_NS_ASSERTIONS = NO;
				ENABLE_STRICT_OBJC_MSGSEND = YES;
				GCC_C_LANGUAGE_STANDARD = gnu11;
				GCC_NO_COMMON_BLOCKS = YES;
				GCC_WARN_64_TO_32_BIT_CONVERSION = YES;
				GCC_WARN_ABOUT_RETURN_TYPE = YES_ERROR;
				GCC_WARN_UNDECLARED_SELECTOR = YES;
				GCC_WARN_UNINITIALIZED_AUTOS = YES_AGGRESSIVE;
				GCC_WARN_UNUSED_FUNCTION = YES;
				GCC_WARN_UNUSED_VARIABLE = YES;
				IPHONEOS_DEPLOYMENT_TARGET = 16.0;
				MTL_ENABLE_DEBUG_INFO = NO;
				MTL_FAST_MATH = YES;
				SDKROOT = iphoneos;
				SWIFT_COMPILATION_MODE = wholemodule;
				SWIFT_OPTIMIZATION_LEVEL = "-O";
				VALIDATE_PRODUCT = YES;
			};
			name = Release;
		};
		63947EAC289AE5BC009F1844 /* Debug */ = {
			isa = XCBuildConfiguration;
			buildSettings = {
				ASSETCATALOG_COMPILER_APPICON_NAME = AppIcon;
				ASSETCATALOG_COMPILER_GLOBAL_ACCENT_COLOR_NAME = AccentColor;
				CODE_SIGN_STYLE = Automatic;
				CURRENT_PROJECT_VERSION = 1;
				GENERATE_INFOPLIST_FILE = YES;
				INFOPLIST_FILE = LaPeau/Info.plist;
				INFOPLIST_KEY_UIApplicationSupportsIndirectInputEvents = YES;
				INFOPLIST_KEY_UILaunchStoryboardName = LaunchScreen;
				INFOPLIST_KEY_UIMainStoryboardFile = Main;
				INFOPLIST_KEY_UISupportedInterfaceOrientations_iPad = "UIInterfaceOrientationPortrait UIInterfaceOrientationPortraitUpsideDown UIInterfaceOrientationLandscapeLeft UIInterfaceOrientationLandscapeRight";
				INFOPLIST_KEY_UISupportedInterfaceOrientations_iPhone = "UIInterfaceOrientationPortrait UIInterfaceOrientationLandscapeLeft UIInterfaceOrientationLandscapeRight";
				LD_RUNPATH_SEARCH_PATHS = (
					"$(inherited)",
					"@executable_path/Frameworks",
				);
				MARKETING_VERSION = 1.0;
				PRODUCT_BUNDLE_IDENTIFIER = kwk.LaPeau;
				PRODUCT_NAME = "$(TARGET_NAME)";
				SWIFT_EMIT_LOC_STRINGS = YES;
				SWIFT_VERSION = 5.0;
				TARGETED_DEVICE_FAMILY = "1,2";
			};
			name = Debug;
		};
		63947EAD289AE5BC009F1844 /* Release */ = {
			isa = XCBuildConfiguration;
			buildSettings = {
				ASSETCATALOG_COMPILER_APPICON_NAME = AppIcon;
				ASSETCATALOG_COMPILER_GLOBAL_ACCENT_COLOR_NAME = AccentColor;
				CODE_SIGN_STYLE = Automatic;
				CURRENT_PROJECT_VERSION = 1;
				GENERATE_INFOPLIST_FILE = YES;
				INFOPLIST_FILE = LaPeau/Info.plist;
				INFOPLIST_KEY_UIApplicationSupportsIndirectInputEvents = YES;
				INFOPLIST_KEY_UILaunchStoryboardName = LaunchScreen;
				INFOPLIST_KEY_UIMainStoryboardFile = Main;
				INFOPLIST_KEY_UISupportedInterfaceOrientations_iPad = "UIInterfaceOrientationPortrait UIInterfaceOrientationPortraitUpsideDown UIInterfaceOrientationLandscapeLeft UIInterfaceOrientationLandscapeRight";
				INFOPLIST_KEY_UISupportedInterfaceOrientations_iPhone = "UIInterfaceOrientationPortrait UIInterfaceOrientationLandscapeLeft UIInterfaceOrientationLandscapeRight";
				LD_RUNPATH_SEARCH_PATHS = (
					"$(inherited)",
					"@executable_path/Frameworks",
				);
				MARKETING_VERSION = 1.0;
				PRODUCT_BUNDLE_IDENTIFIER = kwk.LaPeau;
				PRODUCT_NAME = "$(TARGET_NAME)";
				SWIFT_EMIT_LOC_STRINGS = YES;
				SWIFT_VERSION = 5.0;
				TARGETED_DEVICE_FAMILY = "1,2";
			};
			name = Release;
		};
		63947EAF289AE5BC009F1844 /* Debug */ = {
			isa = XCBuildConfiguration;
			buildSettings = {
				ALWAYS_EMBED_SWIFT_STANDARD_LIBRARIES = YES;
				BUNDLE_LOADER = "$(TEST_HOST)";
				CODE_SIGN_STYLE = Automatic;
				CURRENT_PROJECT_VERSION = 1;
				GENERATE_INFOPLIST_FILE = YES;
				IPHONEOS_DEPLOYMENT_TARGET = 16.0;
				MARKETING_VERSION = 1.0;
				PRODUCT_BUNDLE_IDENTIFIER = kwk.LaPeauTests;
				PRODUCT_NAME = "$(TARGET_NAME)";
				SWIFT_EMIT_LOC_STRINGS = NO;
				SWIFT_VERSION = 5.0;
				TARGETED_DEVICE_FAMILY = "1,2";
				TEST_HOST = "$(BUILT_PRODUCTS_DIR)/LaPeau.app/$(BUNDLE_EXECUTABLE_FOLDER_PATH)/LaPeau";
			};
			name = Debug;
		};
		63947EB0289AE5BC009F1844 /* Release */ = {
			isa = XCBuildConfiguration;
			buildSettings = {
				ALWAYS_EMBED_SWIFT_STANDARD_LIBRARIES = YES;
				BUNDLE_LOADER = "$(TEST_HOST)";
				CODE_SIGN_STYLE = Automatic;
				CURRENT_PROJECT_VERSION = 1;
				GENERATE_INFOPLIST_FILE = YES;
				IPHONEOS_DEPLOYMENT_TARGET = 16.0;
				MARKETING_VERSION = 1.0;
				PRODUCT_BUNDLE_IDENTIFIER = kwk.LaPeauTests;
				PRODUCT_NAME = "$(TARGET_NAME)";
				SWIFT_EMIT_LOC_STRINGS = NO;
				SWIFT_VERSION = 5.0;
				TARGETED_DEVICE_FAMILY = "1,2";
				TEST_HOST = "$(BUILT_PRODUCTS_DIR)/LaPeau.app/$(BUNDLE_EXECUTABLE_FOLDER_PATH)/LaPeau";
			};
			name = Release;
		};
		63947EB2289AE5BC009F1844 /* Debug */ = {
			isa = XCBuildConfiguration;
			buildSettings = {
				ALWAYS_EMBED_SWIFT_STANDARD_LIBRARIES = YES;
				CODE_SIGN_STYLE = Automatic;
				CURRENT_PROJECT_VERSION = 1;
				GENERATE_INFOPLIST_FILE = YES;
				MARKETING_VERSION = 1.0;
				PRODUCT_BUNDLE_IDENTIFIER = kwk.LaPeauUITests;
				PRODUCT_NAME = "$(TARGET_NAME)";
				SWIFT_EMIT_LOC_STRINGS = NO;
				SWIFT_VERSION = 5.0;
				TARGETED_DEVICE_FAMILY = "1,2";
				TEST_TARGET_NAME = LaPeau;
			};
			name = Debug;
		};
		63947EB3289AE5BC009F1844 /* Release */ = {
			isa = XCBuildConfiguration;
			buildSettings = {
				ALWAYS_EMBED_SWIFT_STANDARD_LIBRARIES = YES;
				CODE_SIGN_STYLE = Automatic;
				CURRENT_PROJECT_VERSION = 1;
				GENERATE_INFOPLIST_FILE = YES;
				MARKETING_VERSION = 1.0;
				PRODUCT_BUNDLE_IDENTIFIER = kwk.LaPeauUITests;
				PRODUCT_NAME = "$(TARGET_NAME)";
				SWIFT_EMIT_LOC_STRINGS = NO;
				SWIFT_VERSION = 5.0;
				TARGETED_DEVICE_FAMILY = "1,2";
				TEST_TARGET_NAME = LaPeau;
			};
			name = Release;
		};
/* End XCBuildConfiguration section */

/* Begin XCConfigurationList section */
		63947E79289AE5B9009F1844 /* Build configuration list for PBXProject "LaPeau" */ = {
			isa = XCConfigurationList;
			buildConfigurations = (
				63947EA9289AE5BC009F1844 /* Debug */,
				63947EAA289AE5BC009F1844 /* Release */,
			);
			defaultConfigurationIsVisible = 0;
			defaultConfigurationName = Release;
		};
		63947EAB289AE5BC009F1844 /* Build configuration list for PBXNativeTarget "LaPeau" */ = {
			isa = XCConfigurationList;
			buildConfigurations = (
				63947EAC289AE5BC009F1844 /* Debug */,
				63947EAD289AE5BC009F1844 /* Release */,
			);
			defaultConfigurationIsVisible = 0;
			defaultConfigurationName = Release;
		};
		63947EAE289AE5BC009F1844 /* Build configuration list for PBXNativeTarget "LaPeauTests" */ = {
			isa = XCConfigurationList;
			buildConfigurations = (
				63947EAF289AE5BC009F1844 /* Debug */,
				63947EB0289AE5BC009F1844 /* Release */,
			);
			defaultConfigurationIsVisible = 0;
			defaultConfigurationName = Release;
		};
		63947EB1289AE5BC009F1844 /* Build configuration list for PBXNativeTarget "LaPeauUITests" */ = {
			isa = XCConfigurationList;
			buildConfigurations = (
				63947EB2289AE5BC009F1844 /* Debug */,
				63947EB3289AE5BC009F1844 /* Release */,
			);
			defaultConfigurationIsVisible = 0;
			defaultConfigurationName = Release;
		};
/* End XCConfigurationList section */

/* Begin XCVersionGroup section */
		63947E8A289AE5B9009F1844 /* LaPeau.xcdatamodeld */ = {
			isa = XCVersionGroup;
			children = (
				63947E8B289AE5B9009F1844 /* LaPeau.xcdatamodel */,
			);
			currentVersion = 63947E8B289AE5B9009F1844 /* LaPeau.xcdatamodel */;
			path = LaPeau.xcdatamodeld;
			sourceTree = "<group>";
			versionGroupType = wrapper.xcdatamodel;
		};
/* End XCVersionGroup section */
	};
	rootObject = 63947E76289AE5B9009F1844 /* Project object */;
}
